%{"membrane_core": {:git, "git@github.com:membraneframework/membrane-core.git", "b320c7f2346e14a5173537dab14de862e9fdb57e", [branch: "feature/pull"]},
  "porcelain": {:hex, :porcelain, "2.0.2", "c1d4863de3e391195e36457bb3d7e17ee1bca5a44f1d708bc037c313342f58e9", [:mix], []},
  "qex": {:hex, :qex, "0.3.3", "d1c038de10308dcc489b9e2f50ebb019b2ffecb1753a4f1535f24b6b702491b0", [:mix], []}}
