%{"espec": {:hex, :espec, "1.4.6", "9ac809d2a7ce64b9dbb468a517fe0c00c0464e4aeb918709ad2ba68a0a0d6536", [:mix], [{:meck, "0.8.7", [hex: :meck, optional: false]}]},
  "meck": {:hex, :meck, "0.8.7", "ebad16ca23f685b07aed3bc011efff65fbaf28881a8adf925428ef5472d390ee", [:rebar3], []},
  "membrane_core": {:git, "git@github.com:membraneframework/membrane-core.git", "c1432c9fd2dfabbe468f524d3e17108645b62f58", [branch: "feature/pull"]},
  "porcelain": {:hex, :porcelain, "2.0.2", "c1d4863de3e391195e36457bb3d7e17ee1bca5a44f1d708bc037c313342f58e9", [:mix], []},
  "qex": {:hex, :qex, "0.3.3", "d1c038de10308dcc489b9e2f50ebb019b2ffecb1753a4f1535f24b6b702491b0", [:mix], []}}
